<?xml version="1.0" encoding="utf-8"?>
<Project ToolsVersion="4.0" xmlns="http://schemas.microsoft.com/developer/msbuild/2003">
  <ItemGroup>
    <Filter Include="Source Files">
      <UniqueIdentifier>{4FC737F1-C7A5-4376-A066-2A32D752A2FF}</UniqueIdentifier>
      <Extensions>cpp;c;cc;cxx;c++;def;odl;idl;hpj;bat;asm;asmx</Extensions>
    </Filter>
    <Filter Include="Header Files">
      <UniqueIdentifier>{93995380-89BD-4b04-88EB-625FBE52EBFB}</UniqueIdentifier>
      <Extensions>h;hh;hpp;hxx;h++;hm;inl;inc;ipp;xsd</Extensions>
    </Filter>
    <Filter Include="Resource Files">
      <UniqueIdentifier>{67DA6AB6-F800-4c08-8B7A-83BB121AAD01}</UniqueIdentifier>
      <Extensions>rc;ico;cur;bmp;dlg;rc2;rct;bin;rgs;gif;jpg;jpeg;jpe;resx;tiff;tif;png;wav;mfcribbon-ms</Extensions>
    </Filter>
  </ItemGroup>
  <ItemGroup>
    <ClCompile Include="Main.cpp">
      <Filter>Source Files</Filter>
    </ClCompile>
    <ClCompile Include="glad.c">
      <Filter>Source Files</Filter>
    </ClCompile>
    <ClCompile Include="core\Engine.cpp">
      <Filter>Source Files</Filter>
    </ClCompile>
    <ClCompile Include="core\assets\Texture.cpp">
      <Filter>Source Files</Filter>
    </ClCompile>
    <ClCompile Include="ObjImporter.cpp">
      <Filter>Source Files</Filter>
    </ClCompile>
  </ItemGroup>
  <ItemGroup>
    <ClInclude Include="core\constants\defs.h">
      <Filter>Header Files</Filter>
    </ClInclude>
    <ClInclude Include="core\Engine.h">
      <Filter>Header Files</Filter>
    </ClInclude>
    <ClInclude Include="core\assets\Shader.h">
      <Filter>Header Files</Filter>
    </ClInclude>
    <ClInclude Include="core\assets\Texture.h">
      <Filter>Header Files</Filter>
    </ClInclude>
    <ClInclude Include="core\assets\Data.h">
      <Filter>Header Files</Filter>
    </ClInclude>
    <ClInclude Include="core\const.h">
      <Filter>Header Files</Filter>
    </ClInclude>
    <ClInclude Include="ObjImporter.h">
      <Filter>Header Files</Filter>
    </ClInclude>
  </ItemGroup>
  <ItemGroup>
    <None Include="shaders\emit.fs" />
    <None Include="shaders\emit.vs" />
    <None Include="shaders\store.vs" />
    <None Include="shaders\store_nrm.fs" />
    <None Include="shaders\store_vis.fs" />
    <None Include="shaders\store_worldpos.fs" />
    <None Include="shaders\showTexture.fs" />
    <None Include="shaders\showTexture.vs" />
    <None Include="shaders\make_lightmap.fs" />
    <None Include="shaders\make_lightmap.vs" />
    <None Include="shaders\emit_phong.fs" />
    <None Include="assimp.dll" />
    <None Include="simpelRad.fbx" />
    <None Include="shaders\store_arf.fs" />
  </ItemGroup>
</Project>